// !$*UTF8*$!
{
	archiveVersion = 1;
	classes = {
	};
	objectVersion = 46;
	objects = {

/* Begin PBXBuildFile section */
		B741F9B417F71F050018EA28 /* Foundation.framework in Frameworks */ = {isa = PBXBuildFile; fileRef = B741F9B317F71F050018EA28 /* Foundation.framework */; };
		B741F9B617F71F050018EA28 /* CoreGraphics.framework in Frameworks */ = {isa = PBXBuildFile; fileRef = B741F9B517F71F050018EA28 /* CoreGraphics.framework */; };
		B741F9B817F71F050018EA28 /* UIKit.framework in Frameworks */ = {isa = PBXBuildFile; fileRef = B741F9B717F71F050018EA28 /* UIKit.framework */; };
		B741F9BE17F71F050018EA28 /* InfoPlist.strings in Resources */ = {isa = PBXBuildFile; fileRef = B741F9BC17F71F050018EA28 /* InfoPlist.strings */; };
		B741F9C017F71F050018EA28 /* main.m in Sources */ = {isa = PBXBuildFile; fileRef = B741F9BF17F71F050018EA28 /* main.m */; };
		B741F9C417F71F060018EA28 /* STAppDelegate.m in Sources */ = {isa = PBXBuildFile; fileRef = B741F9C317F71F060018EA28 /* STAppDelegate.m */; };
		B741F9C717F71F060018EA28 /* Main.storyboard in Resources */ = {isa = PBXBuildFile; fileRef = B741F9C517F71F060018EA28 /* Main.storyboard */; };
		B741F9CA17F71F060018EA28 /* STViewController.m in Sources */ = {isa = PBXBuildFile; fileRef = B741F9C917F71F060018EA28 /* STViewController.m */; };
		B741F9CC17F71F060018EA28 /* Images.xcassets in Resources */ = {isa = PBXBuildFile; fileRef = B741F9CB17F71F060018EA28 /* Images.xcassets */; };
		B741F9D317F71F060018EA28 /* XCTest.framework in Frameworks */ = {isa = PBXBuildFile; fileRef = B741F9D217F71F060018EA28 /* XCTest.framework */; };
		B741F9D417F71F060018EA28 /* Foundation.framework in Frameworks */ = {isa = PBXBuildFile; fileRef = B741F9B317F71F050018EA28 /* Foundation.framework */; };
		B741F9D517F71F060018EA28 /* UIKit.framework in Frameworks */ = {isa = PBXBuildFile; fileRef = B741F9B717F71F050018EA28 /* UIKit.framework */; };
		B741F9EB17F72EAC0018EA28 /* STSecondViewController.m in Sources */ = {isa = PBXBuildFile; fileRef = B741F9E917F72EAC0018EA28 /* STSecondViewController.m */; };
		B741F9EC17F72EAC0018EA28 /* STSecondViewController.xib in Resources */ = {isa = PBXBuildFile; fileRef = B741F9EA17F72EAC0018EA28 /* STSecondViewController.xib */; };
/* End PBXBuildFile section */

/* Begin PBXContainerItemProxy section */
		B741F9D617F71F060018EA28 /* PBXContainerItemProxy */ = {
			isa = PBXContainerItemProxy;
			containerPortal = B741F9A817F71F050018EA28 /* Project object */;
			proxyType = 1;
			remoteGlobalIDString = B741F9AF17F71F050018EA28;
			remoteInfo = Sample1;
		};
/* End PBXContainerItemProxy section */

/* Begin PBXFileReference section */
		B741F9B017F71F050018EA28 /* Sample1.app */ = {isa = PBXFileReference; explicitFileType = wrapper.application; includeInIndex = 0; path = Sample1.app; sourceTree = BUILT_PRODUCTS_DIR; };
		B741F9B317F71F050018EA28 /* Foundation.framework */ = {isa = PBXFileReference; lastKnownFileType = wrapper.framework; name = Foundation.framework; path = System/Library/Frameworks/Foundation.framework; sourceTree = SDKROOT; };
		B741F9B517F71F050018EA28 /* CoreGraphics.framework */ = {isa = PBXFileReference; lastKnownFileType = wrapper.framework; name = CoreGraphics.framework; path = System/Library/Frameworks/CoreGraphics.framework; sourceTree = SDKROOT; };
		B741F9B717F71F050018EA28 /* UIKit.framework */ = {isa = PBXFileReference; lastKnownFileType = wrapper.framework; name = UIKit.framework; path = System/Library/Frameworks/UIKit.framework; sourceTree = SDKROOT; };
		B741F9BB17F71F050018EA28 /* Sample1-Info.plist */ = {isa = PBXFileReference; lastKnownFileType = text.plist.xml; path = "Sample1-Info.plist"; sourceTree = "<group>"; };
		B741F9BD17F71F050018EA28 /* en */ = {isa = PBXFileReference; lastKnownFileType = text.plist.strings; name = en; path = en.lproj/InfoPlist.strings; sourceTree = "<group>"; };
		B741F9BF17F71F050018EA28 /* main.m */ = {isa = PBXFileReference; lastKnownFileType = sourcecode.c.objc; path = main.m; sourceTree = "<group>"; };
		B741F9C117F71F060018EA28 /* Sample1-Prefix.pch */ = {isa = PBXFileReference; lastKnownFileType = sourcecode.c.h; path = "Sample1-Prefix.pch"; sourceTree = "<group>"; };
		B741F9C217F71F060018EA28 /* STAppDelegate.h */ = {isa = PBXFileReference; lastKnownFileType = sourcecode.c.h; path = STAppDelegate.h; sourceTree = "<group>"; };
		B741F9C317F71F060018EA28 /* STAppDelegate.m */ = {isa = PBXFileReference; lastKnownFileType = sourcecode.c.objc; path = STAppDelegate.m; sourceTree = "<group>"; };
		B741F9C617F71F060018EA28 /* Base */ = {isa = PBXFileReference; lastKnownFileType = file.storyboard; name = Base; path = Base.lproj/Main.storyboard; sourceTree = "<group>"; };
		B741F9C817F71F060018EA28 /* STViewController.h */ = {isa = PBXFileReference; lastKnownFileType = sourcecode.c.h; path = STViewController.h; sourceTree = "<group>"; };
		B741F9C917F71F060018EA28 /* STViewController.m */ = {isa = PBXFileReference; lastKnownFileType = sourcecode.c.objc; path = STViewController.m; sourceTree = "<group>"; };
		B741F9CB17F71F060018EA28 /* Images.xcassets */ = {isa = PBXFileReference; lastKnownFileType = folder.assetcatalog; path = Images.xcassets; sourceTree = "<group>"; };
		B741F9D117F71F060018EA28 /* Sample1Tests.xctest */ = {isa = PBXFileReference; explicitFileType = wrapper.cfbundle; includeInIndex = 0; path = Sample1Tests.xctest; sourceTree = BUILT_PRODUCTS_DIR; };
		B741F9D217F71F060018EA28 /* XCTest.framework */ = {isa = PBXFileReference; lastKnownFileType = wrapper.framework; name = XCTest.framework; path = Library/Frameworks/XCTest.framework; sourceTree = DEVELOPER_DIR; };
		B741F9E817F72EAC0018EA28 /* STSecondViewController.h */ = {isa = PBXFileReference; fileEncoding = 4; lastKnownFileType = sourcecode.c.h; path = STSecondViewController.h; sourceTree = "<group>"; };
		B741F9E917F72EAC0018EA28 /* STSecondViewController.m */ = {isa = PBXFileReference; fileEncoding = 4; lastKnownFileType = sourcecode.c.objc; path = STSecondViewController.m; sourceTree = "<group>"; };
		B741F9EA17F72EAC0018EA28 /* STSecondViewController.xib */ = {isa = PBXFileReference; fileEncoding = 4; lastKnownFileType = file.xib; path = STSecondViewController.xib; sourceTree = "<group>"; };
/* End PBXFileReference section */

/* Begin PBXFrameworksBuildPhase section */
		B741F9AD17F71F050018EA28 /* Frameworks */ = {
			isa = PBXFrameworksBuildPhase;
			buildActionMask = 2147483647;
			files = (
				B741F9B617F71F050018EA28 /* CoreGraphics.framework in Frameworks */,
				B741F9B817F71F050018EA28 /* UIKit.framework in Frameworks */,
				B741F9B417F71F050018EA28 /* Foundation.framework in Frameworks */,
			);
			runOnlyForDeploymentPostprocessing = 0;
		};
		B741F9CE17F71F060018EA28 /* Frameworks */ = {
			isa = PBXFrameworksBuildPhase;
			buildActionMask = 2147483647;
			files = (
				B741F9D317F71F060018EA28 /* XCTest.framework in Frameworks */,
				B741F9D517F71F060018EA28 /* UIKit.framework in Frameworks */,
				B741F9D417F71F060018EA28 /* Foundation.framework in Frameworks */,
			);
			runOnlyForDeploymentPostprocessing = 0;
		};
/* End PBXFrameworksBuildPhase section */

/* Begin PBXGroup section */
		B741F9A717F71F050018EA28 = {
			isa = PBXGroup;
			children = (
				B741F9B917F71F050018EA28 /* Sample1 */,
				B741F9B217F71F050018EA28 /* Frameworks */,
				B741F9B117F71F050018EA28 /* Products */,
			);
			sourceTree = "<group>";
		};
		B741F9B117F71F050018EA28 /* Products */ = {
			isa = PBXGroup;
			children = (
				B741F9B017F71F050018EA28 /* Sample1.app */,
				B741F9D117F71F060018EA28 /* Sample1Tests.xctest */,
			);
			name = Products;
			sourceTree = "<group>";
		};
		B741F9B217F71F050018EA28 /* Frameworks */ = {
			isa = PBXGroup;
			children = (
				B741F9B317F71F050018EA28 /* Foundation.framework */,
				B741F9B517F71F050018EA28 /* CoreGraphics.framework */,
				B741F9B717F71F050018EA28 /* UIKit.framework */,
				B741F9D217F71F060018EA28 /* XCTest.framework */,
			);
			name = Frameworks;
			sourceTree = "<group>";
		};
		B741F9B917F71F050018EA28 /* Sample1 */ = {
			isa = PBXGroup;
			children = (
				B741F9C217F71F060018EA28 /* STAppDelegate.h */,
				B741F9C317F71F060018EA28 /* STAppDelegate.m */,
				B741F9C517F71F060018EA28 /* Main.storyboard */,
				B741F9C817F71F060018EA28 /* STViewController.h */,
				B741F9C917F71F060018EA28 /* STViewController.m */,
				B741F9CB17F71F060018EA28 /* Images.xcassets */,
				B741F9BA17F71F050018EA28 /* Supporting Files */,
				B741F9E817F72EAC0018EA28 /* STSecondViewController.h */,
				B741F9E917F72EAC0018EA28 /* STSecondViewController.m */,
				B741F9EA17F72EAC0018EA28 /* STSecondViewController.xib */,
			);
			path = Sample1;
			sourceTree = "<group>";
		};
		B741F9BA17F71F050018EA28 /* Supporting Files */ = {
			isa = PBXGroup;
			children = (
				B741F9BB17F71F050018EA28 /* Sample1-Info.plist */,
				B741F9BC17F71F050018EA28 /* InfoPlist.strings */,
				B741F9BF17F71F050018EA28 /* main.m */,
				B741F9C117F71F060018EA28 /* Sample1-Prefix.pch */,
			);
			name = "Supporting Files";
			sourceTree = "<group>";
		};
/* End PBXGroup section */

/* Begin PBXNativeTarget section */
		B741F9AF17F71F050018EA28 /* Sample1 */ = {
			isa = PBXNativeTarget;
			buildConfigurationList = B741F9E217F71F060018EA28 /* Build configuration list for PBXNativeTarget "Sample1" */;
			buildPhases = (
				B741F9AC17F71F050018EA28 /* Sources */,
				B741F9AD17F71F050018EA28 /* Frameworks */,
				B741F9AE17F71F050018EA28 /* Resources */,
			);
			buildRules = (
			);
			dependencies = (
			);
			name = Sample1;
			productName = Sample1;
			productReference = B741F9B017F71F050018EA28 /* Sample1.app */;
			productType = "com.apple.product-type.application";
		};
		B741F9D017F71F060018EA28 /* Sample1Tests */ = {
			isa = PBXNativeTarget;
			buildConfigurationList = B741F9E517F71F060018EA28 /* Build configuration list for PBXNativeTarget "Sample1Tests" */;
			buildPhases = (
				B741F9CD17F71F060018EA28 /* Sources */,
				B741F9CE17F71F060018EA28 /* Frameworks */,
				B741F9CF17F71F060018EA28 /* Resources */,
			);
			buildRules = (
			);
			dependencies = (
				B741F9D717F71F060018EA28 /* PBXTargetDependency */,
			);
			name = Sample1Tests;
			productName = Sample1Tests;
			productReference = B741F9D117F71F060018EA28 /* Sample1Tests.xctest */;
			productType = "com.apple.product-type.bundle.unit-test";
		};
/* End PBXNativeTarget section */

/* Begin PBXProject section */
		B741F9A817F71F050018EA28 /* Project object */ = {
			isa = PBXProject;
			attributes = {
				CLASSPREFIX = ST;
				LastUpgradeCheck = 0500;
				ORGANIZATIONNAME = stack3;
				TargetAttributes = {
					B741F9D017F71F060018EA28 = {
						TestTargetID = B741F9AF17F71F050018EA28;
					};
				};
			};
			buildConfigurationList = B741F9AB17F71F050018EA28 /* Build configuration list for PBXProject "Sample1" */;
			compatibilityVersion = "Xcode 3.2";
			developmentRegion = English;
			hasScannedForEncodings = 0;
			knownRegions = (
				en,
				Base,
			);
			mainGroup = B741F9A717F71F050018EA28;
			productRefGroup = B741F9B117F71F050018EA28 /* Products */;
			projectDirPath = "";
			projectRoot = "";
			targets = (
				B741F9AF17F71F050018EA28 /* Sample1 */,
				B741F9D017F71F060018EA28 /* Sample1Tests */,
			);
		};
/* End PBXProject section */

/* Begin PBXResourcesBuildPhase section */
		B741F9AE17F71F050018EA28 /* Resources */ = {
			isa = PBXResourcesBuildPhase;
			buildActionMask = 2147483647;
			files = (
				B741F9CC17F71F060018EA28 /* Images.xcassets in Resources */,
				B741F9EC17F72EAC0018EA28 /* STSecondViewController.xib in Resources */,
				B741F9BE17F71F050018EA28 /* InfoPlist.strings in Resources */,
				B741F9C717F71F060018EA28 /* Main.storyboard in Resources */,
			);
			runOnlyForDeploymentPostprocessing = 0;
		};
		B741F9CF17F71F060018EA28 /* Resources */ = {
			isa = PBXResourcesBuildPhase;
			buildActionMask = 2147483647;
			files = (
			);
			runOnlyForDeploymentPostprocessing = 0;
		};
/* End PBXResourcesBuildPhase section */

/* Begin PBXSourcesBuildPhase section */
		B741F9AC17F71F050018EA28 /* Sources */ = {
			isa = PBXSourcesBuildPhase;
			buildActionMask = 2147483647;
			files = (
				B741F9CA17F71F060018EA28 /* STViewController.m in Sources */,
				B741F9EB17F72EAC0018EA28 /* STSecondViewController.m in Sources */,
				B741F9C017F71F050018EA28 /* main.m in Sources */,
				B741F9C417F71F060018EA28 /* STAppDelegate.m in Sources */,
			);
			runOnlyForDeploymentPostprocessing = 0;
		};
		B741F9CD17F71F060018EA28 /* Sources */ = {
			isa = PBXSourcesBuildPhase;
			buildActionMask = 2147483647;
			files = (
			);
			runOnlyForDeploymentPostprocessing = 0;
		};
/* End PBXSourcesBuildPhase section */

/* Begin PBXTargetDependency section */
		B741F9D717F71F060018EA28 /* PBXTargetDependency */ = {
			isa = PBXTargetDependency;
			target = B741F9AF17F71F050018EA28 /* Sample1 */;
			targetProxy = B741F9D617F71F060018EA28 /* PBXContainerItemProxy */;
		};
/* End PBXTargetDependency section */

/* Begin PBXVariantGroup section */
		B741F9BC17F71F050018EA28 /* InfoPlist.strings */ = {
			isa = PBXVariantGroup;
			children = (
				B741F9BD17F71F050018EA28 /* en */,
			);
			name = InfoPlist.strings;
			sourceTree = "<group>";
		};
		B741F9C517F71F060018EA28 /* Main.storyboard */ = {
			isa = PBXVariantGroup;
			children = (
				B741F9C617F71F060018EA28 /* Base */,
			);
			name = Main.storyboard;
			sourceTree = "<group>";
		};
/* End PBXVariantGroup section */

/* Begin XCBuildConfiguration section */
		B741F9E017F71F060018EA28 /* Debug */ = {
			isa = XCBuildConfiguration;
			buildSettings = {
				ALWAYS_SEARCH_USER_PATHS = NO;
				ARCHS = "$(ARCHS_STANDARD_INCLUDING_64_BIT)";
				CLANG_CXX_LANGUAGE_STANDARD = "gnu++0x";
				CLANG_CXX_LIBRARY = "libc++";
				CLANG_ENABLE_MODULES = YES;
				CLANG_ENABLE_OBJC_ARC = YES;
				CLANG_WARN_BOOL_CONVERSION = YES;
				CLANG_WARN_CONSTANT_CONVERSION = YES;
				CLANG_WARN_DIRECT_OBJC_ISA_USAGE = YES_ERROR;
				CLANG_WARN_EMPTY_BODY = YES;
				CLANG_WARN_ENUM_CONVERSION = YES;
				CLANG_WARN_INT_CONVERSION = YES;
				CLANG_WARN_OBJC_ROOT_CLASS = YES_ERROR;
				CLANG_WARN__DUPLICATE_METHOD_MATCH = YES;
				"CODE_SIGN_IDENTITY[sdk=iphoneos*]" = "iPhone Developer";
				COPY_PHASE_STRIP = NO;
				GCC_C_LANGUAGE_STANDARD = gnu99;
				GCC_DYNAMIC_NO_PIC = NO;
				GCC_OPTIMIZATION_LEVEL = 0;
				GCC_PREPROCESSOR_DEFINITIONS = (
					"DEBUG=1",
					"$(inherited)",
				);
				GCC_SYMBOLS_PRIVATE_EXTERN = NO;
				GCC_WARN_64_TO_32_BIT_CONVERSION = YES;
				GCC_WARN_ABOUT_RETURN_TYPE = YES_ERROR;
				GCC_WARN_UNDECLARED_SELECTOR = YES;
				GCC_WARN_UNINITIALIZED_AUTOS = YES;
				GCC_WARN_UNUSED_FUNCTION = YES;
				GCC_WARN_UNUSED_VARIABLE = YES;
				IPHONEOS_DEPLOYMENT_TARGET = 7.0;
				ONLY_ACTIVE_ARCH = YES;
				SDKROOT = iphoneos;
			};
			name = Debug;
		};
		B741F9E117F71F060018EA28 /* Release */ = {
			isa = XCBuildConfiguration;
			buildSettings = {
				ALWAYS_SEARCH_USER_PATHS = NO;
				ARCHS = "$(ARCHS_STANDARD_INCLUDING_64_BIT)";
				CLANG_CXX_LANGUAGE_STANDARD = "gnu++0x";
				CLANG_CXX_LIBRARY = "libc++";
				CLANG_ENABLE_MODULES = YES;
				CLANG_ENABLE_OBJC_ARC = YES;
				CLANG_WARN_BOOL_CONVERSION = YES;
				CLANG_WARN_CONSTANT_CONVERSION = YES;
				CLANG_WARN_DIRECT_OBJC_ISA_USAGE = YES_ERROR;
				CLANG_WARN_EMPTY_BODY = YES;
				CLANG_WARN_ENUM_CONVERSION = YES;
				CLANG_WARN_INT_CONVERSION = YES;
				CLANG_WARN_OBJC_ROOT_CLASS = YES_ERROR;
				CLANG_WARN__DUPLICATE_METHOD_MATCH = YES;
				"CODE_SIGN_IDENTITY[sdk=iphoneos*]" = "iPhone Developer";
				COPY_PHASE_STRIP = YES;
				ENABLE_NS_ASSERTIONS = NO;
				GCC_C_LANGUAGE_STANDARD = gnu99;
				GCC_WARN_64_TO_32_BIT_CONVERSION = YES;
				GCC_WARN_ABOUT_RETURN_TYPE = YES_ERROR;
				GCC_WARN_UNDECLARED_SELECTOR = YES;
				GCC_WARN_UNINITIALIZED_AUTOS = YES;
				GCC_WARN_UNUSED_FUNCTION = YES;
				GCC_WARN_UNUSED_VARIABLE = YES;
				IPHONEOS_DEPLOYMENT_TARGET = 7.0;
				SDKROOT = iphoneos;
				VALIDATE_PRODUCT = YES;
			};
			name = Release;
		};
		B741F9E317F71F060018EA28 /* Debug */ = {
			isa = XCBuildConfiguration;
			buildSettings = {
				ASSETCATALOG_COMPILER_APPICON_NAME = AppIcon;
				ASSETCATALOG_COMPILER_LAUNCHIMAGE_NAME = LaunchImage;
				GCC_PRECOMPILE_PREFIX_HEADER = YES;
				GCC_PREFIX_HEADER = "Sample1/Sample1-Prefix.pch";
				INFOPLIST_FILE = "Sample1/Sample1-Info.plist";
				PRODUCT_NAME = Sample1;
				WRAPPER_EXTENSION = app;
			};
			name = Debug;
		};
		B741F9E417F71F060018EA28 /* Release */ = {
			isa = XCBuildConfiguration;
			buildSettings = {
				ASSETCATALOG_COMPILER_APPICON_NAME = AppIcon;
				ASSETCATALOG_COMPILER_LAUNCHIMAGE_NAME = LaunchImage;
				GCC_PRECOMPILE_PREFIX_HEADER = YES;
				GCC_PREFIX_HEADER = "Sample1/Sample1-Prefix.pch";
				INFOPLIST_FILE = "Sample1/Sample1-Info.plist";
				PRODUCT_NAME = Sample1;
				WRAPPER_EXTENSION = app;
			};
			name = Release;
		};
		B741F9E617F71F060018EA28 /* Debug */ = {
			isa = XCBuildConfiguration;
			buildSettings = {
				ARCHS = "$(ARCHS_STANDARD_INCLUDING_64_BIT)";
				BUNDLE_LOADER = "$(BUILT_PRODUCTS_DIR)/Sample1.app/Sample1";
				FRAMEWORK_SEARCH_PATHS = (
					"$(SDKROOT)/Developer/Library/Frameworks",
					"$(inherited)",
					"$(DEVELOPER_FRAMEWORKS_DIR)",
				);
				GCC_PRECOMPILE_PREFIX_HEADER = YES;
				GCC_PREFIX_HEADER = "Sample1/Sample1-Prefix.pch";
				GCC_PREPROCESSOR_DEFINITIONS = (
					"DEBUG=1",
					"$(inherited)",
				);
				INFOPLIST_FILE = "Sample1Tests/Sample1Tests-Info.plist";
				PRODUCT_NAME = Sample1Tests;
				TEST_HOST = "$(BUNDLE_LOADER)";
				WRAPPER_EXTENSION = xctest;
			};
			name = Debug;
		};
		B741F9E717F71F060018EA28 /* Release */ = {
			isa = XCBuildConfiguration;
			buildSettings = {
				ARCHS = "$(ARCHS_STANDARD_INCLUDING_64_BIT)";
				BUNDLE_LOADER = "$(BUILT_PRODUCTS_DIR)/Sample1.app/Sample1";
				FRAMEWORK_SEARCH_PATHS = (
					"$(SDKROOT)/Developer/Library/Frameworks",
					"$(inherited)",
					"$(DEVELOPER_FRAMEWORKS_DIR)",
				);
				GCC_PRECOMPILE_PREFIX_HEADER = YES;
				GCC_PREFIX_HEADER = "Sample1/Sample1-Prefix.pch";
				INFOPLIST_FILE = "Sample1Tests/Sample1Tests-Info.plist";
				PRODUCT_NAME = Sample1Tests;
				TEST_HOST = "$(BUNDLE_LOADER)";
				WRAPPER_EXTENSION = xctest;
			};
			name = Release;
		};
/* End XCBuildConfiguration section */

/* Begin XCConfigurationList section */
		B741F9AB17F71F050018EA28 /* Build configuration list for PBXProject "Sample1" */ = {
			isa = XCConfigurationList;
			buildConfigurations = (
				B741F9E017F71F060018EA28 /* Debug */,
				B741F9E117F71F060018EA28 /* Release */,
			);
			defaultConfigurationIsVisible = 0;
			defaultConfigurationName = Release;
		};
		B741F9E217F71F060018EA28 /* Build configuration list for PBXNativeTarget "Sample1" */ = {
			isa = XCConfigurationList;
			buildConfigurations = (
				B741F9E317F71F060018EA28 /* Debug */,
				B741F9E417F71F060018EA28 /* Release */,
			);
			defaultConfigurationIsVisible = 0;
			defaultConfigurationName = Release;
		};
		B741F9E517F71F060018EA28 /* Build configuration list for PBXNativeTarget "Sample1Tests" */ = {
			isa = XCConfigurationList;
			buildConfigurations = (
				B741F9E617F71F060018EA28 /* Debug */,
				B741F9E717F71F060018EA28 /* Release */,
			);
			defaultConfigurationIsVisible = 0;
			defaultConfigurationName = Release;
		};
/* End XCConfigurationList section */
	};
	rootObject = B741F9A817F71F050018EA28 /* Project object */;
}
